
Microsoft Visual Studio Solution File, Format Version 12.00
# Visual Studio Version 17
VisualStudioVersion = 17.0.32126.317
MinimumVisualStudioVersion = 10.0.40219.1
Project("{9A19103F-16F7-4668-BE54-9A1E7A4F7556}") = "CardCheckAssistant", "CardCheckAssistant\CardCheckAssistant.csproj", "{F0592975-0E28-4C88-95B1-AB9F67F2529C}"
EndProject
Project("{FAE04EC0-301F-11D3-BF4B-00C04F79EFBC}") = "Elatec.NET", "..\Elatec.NET\Elatec.NET.csproj", "{53FBD2F3-638E-4892-9F09-9A372C8F76D2}"
EndProject
Project("{FAE04EC0-301F-11D3-BF4B-00C04F79EFBC}") = "Log4CSharp", "..\Log4CSharp\Log4CSharp.csproj", "{786D71E7-4D92-43E4-A9EB-4E07FFE36F70}"
EndProject
Project("{FAE04EC0-301F-11D3-BF4B-00C04F79EFBC}") = "ByteArray", "..\ByteArray\ByteArray.csproj", "{BDD5DF8C-6FC1-4882-8151-924820FDBC05}"
EndProject
Global
	GlobalSection(SolutionConfigurationPlatforms) = preSolution
		Debug|Any CPU = Debug|Any CPU
		Debug|ARM = Debug|ARM
		Debug|arm64 = Debug|arm64
		Debug|x64 = Debug|x64
		Debug|x86 = Debug|x86
		Release|Any CPU = Release|Any CPU
		Release|ARM = Release|ARM
		Release|arm64 = Release|arm64
		Release|x64 = Release|x64
		Release|x86 = Release|x86
	EndGlobalSection
	GlobalSection(ProjectConfigurationPlatforms) = postSolution
		{F0592975-0E28-4C88-95B1-AB9F67F2529C}.Debug|Any CPU.ActiveCfg = Debug|x64
		{F0592975-0E28-4C88-95B1-AB9F67F2529C}.Debug|Any CPU.Build.0 = Debug|x64
		{F0592975-0E28-4C88-95B1-AB9F67F2529C}.Debug|ARM.ActiveCfg = Debug|x64
		{F0592975-0E28-4C88-95B1-AB9F67F2529C}.Debug|ARM.Build.0 = Debug|x64
		{F0592975-0E28-4C88-95B1-AB9F67F2529C}.Debug|arm64.ActiveCfg = Debug|arm64
		{F0592975-0E28-4C88-95B1-AB9F67F2529C}.Debug|arm64.Build.0 = Debug|arm64
		{F0592975-0E28-4C88-95B1-AB9F67F2529C}.Debug|arm64.Deploy.0 = Debug|arm64
		{F0592975-0E28-4C88-95B1-AB9F67F2529C}.Debug|x64.ActiveCfg = Debug|x64
		{F0592975-0E28-4C88-95B1-AB9F67F2529C}.Debug|x64.Build.0 = Debug|x64
		{F0592975-0E28-4C88-95B1-AB9F67F2529C}.Debug|x64.Deploy.0 = Debug|x64
		{F0592975-0E28-4C88-95B1-AB9F67F2529C}.Debug|x86.ActiveCfg = Debug|x86
		{F0592975-0E28-4C88-95B1-AB9F67F2529C}.Debug|x86.Build.0 = Debug|x86
		{F0592975-0E28-4C88-95B1-AB9F67F2529C}.Debug|x86.Deploy.0 = Debug|x86
		{F0592975-0E28-4C88-95B1-AB9F67F2529C}.Release|Any CPU.ActiveCfg = Release|x64
		{F0592975-0E28-4C88-95B1-AB9F67F2529C}.Release|Any CPU.Build.0 = Release|x64
		{F0592975-0E28-4C88-95B1-AB9F67F2529C}.Release|ARM.ActiveCfg = Release|x64
		{F0592975-0E28-4C88-95B1-AB9F67F2529C}.Release|ARM.Build.0 = Release|x64
		{F0592975-0E28-4C88-95B1-AB9F67F2529C}.Release|arm64.ActiveCfg = Release|arm64
		{F0592975-0E28-4C88-95B1-AB9F67F2529C}.Release|arm64.Build.0 = Release|arm64
		{F0592975-0E28-4C88-95B1-AB9F67F2529C}.Release|arm64.Deploy.0 = Release|arm64
		{F0592975-0E28-4C88-95B1-AB9F67F2529C}.Release|x64.ActiveCfg = Release|x64
		{F0592975-0E28-4C88-95B1-AB9F67F2529C}.Release|x64.Build.0 = Release|x64
		{F0592975-0E28-4C88-95B1-AB9F67F2529C}.Release|x64.Deploy.0 = Release|x64
		{F0592975-0E28-4C88-95B1-AB9F67F2529C}.Release|x86.ActiveCfg = Release|x86
		{F0592975-0E28-4C88-95B1-AB9F67F2529C}.Release|x86.Build.0 = Release|x86
		{F0592975-0E28-4C88-95B1-AB9F67F2529C}.Release|x86.Deploy.0 = Release|x86
		{53FBD2F3-638E-4892-9F09-9A372C8F76D2}.Debug|Any CPU.ActiveCfg = Debug|Any CPU
		{53FBD2F3-638E-4892-9F09-9A372C8F76D2}.Debug|Any CPU.Build.0 = Debug|Any CPU
		{53FBD2F3-638E-4892-9F09-9A372C8F76D2}.Debug|ARM.ActiveCfg = Debug|Any CPU
		{53FBD2F3-638E-4892-9F09-9A372C8F76D2}.Debug|ARM.Build.0 = Debug|Any CPU
		{53FBD2F3-638E-4892-9F09-9A372C8F76D2}.Debug|arm64.ActiveCfg = Debug|Any CPU
		{53FBD2F3-638E-4892-9F09-9A372C8F76D2}.Debug|arm64.Build.0 = Debug|Any CPU
		{53FBD2F3-638E-4892-9F09-9A372C8F76D2}.Debug|x64.ActiveCfg = Debug|x64
		{53FBD2F3-638E-4892-9F09-9A372C8F76D2}.Debug|x64.Build.0 = Debug|x64
		{53FBD2F3-638E-4892-9F09-9A372C8F76D2}.Debug|x86.ActiveCfg = Debug|x86
		{53FBD2F3-638E-4892-9F09-9A372C8F76D2}.Debug|x86.Build.0 = Debug|x86
		{53FBD2F3-638E-4892-9F09-9A372C8F76D2}.Release|Any CPU.ActiveCfg = Release|Any CPU
		{53FBD2F3-638E-4892-9F09-9A372C8F76D2}.Release|Any CPU.Build.0 = Release|Any CPU
		{53FBD2F3-638E-4892-9F09-9A372C8F76D2}.Release|ARM.ActiveCfg = Release|Any CPU
		{53FBD2F3-638E-4892-9F09-9A372C8F76D2}.Release|ARM.Build.0 = Release|Any CPU
		{53FBD2F3-638E-4892-9F09-9A372C8F76D2}.Release|arm64.ActiveCfg = Release|Any CPU
		{53FBD2F3-638E-4892-9F09-9A372C8F76D2}.Release|arm64.Build.0 = Release|Any CPU
		{53FBD2F3-638E-4892-9F09-9A372C8F76D2}.Release|x64.ActiveCfg = Release|x64
		{53FBD2F3-638E-4892-9F09-9A372C8F76D2}.Release|x64.Build.0 = Release|x64
		{53FBD2F3-638E-4892-9F09-9A372C8F76D2}.Release|x86.ActiveCfg = Release|x86
		{53FBD2F3-638E-4892-9F09-9A372C8F76D2}.Release|x86.Build.0 = Release|x86
		{786D71E7-4D92-43E4-A9EB-4E07FFE36F70}.Debug|Any CPU.ActiveCfg = Debug|Any CPU
		{786D71E7-4D92-43E4-A9EB-4E07FFE36F70}.Debug|Any CPU.Build.0 = Debug|Any CPU
		{786D71E7-4D92-43E4-A9EB-4E07FFE36F70}.Debug|ARM.ActiveCfg = Debug|Any CPU
		{786D71E7-4D92-43E4-A9EB-4E07FFE36F70}.Debug|ARM.Build.0 = Debug|Any CPU
		{786D71E7-4D92-43E4-A9EB-4E07FFE36F70}.Debug|arm64.ActiveCfg = Debug|Any CPU
		{786D71E7-4D92-43E4-A9EB-4E07FFE36F70}.Debug|arm64.Build.0 = Debug|Any CPU
		{786D71E7-4D92-43E4-A9EB-4E07FFE36F70}.Debug|x64.ActiveCfg = Debug|x64
		{786D71E7-4D92-43E4-A9EB-4E07FFE36F70}.Debug|x64.Build.0 = Debug|x64
		{786D71E7-4D92-43E4-A9EB-4E07FFE36F70}.Debug|x86.ActiveCfg = Debug|x86
		{786D71E7-4D92-43E4-A9EB-4E07FFE36F70}.Debug|x86.Build.0 = Debug|x86
		{786D71E7-4D92-43E4-A9EB-4E07FFE36F70}.Release|Any CPU.ActiveCfg = Release|Any CPU
		{786D71E7-4D92-43E4-A9EB-4E07FFE36F70}.Release|Any CPU.Build.0 = Release|Any CPU
		{786D71E7-4D92-43E4-A9EB-4E07FFE36F70}.Release|ARM.ActiveCfg = Release|Any CPU
		{786D71E7-4D92-43E4-A9EB-4E07FFE36F70}.Release|ARM.Build.0 = Release|Any CPU
		{786D71E7-4D92-43E4-A9EB-4E07FFE36F70}.Release|arm64.ActiveCfg = Release|Any CPU
		{786D71E7-4D92-43E4-A9EB-4E07FFE36F70}.Release|arm64.Build.0 = Release|Any CPU
		{786D71E7-4D92-43E4-A9EB-4E07FFE36F70}.Release|x64.ActiveCfg = Release|x64
		{786D71E7-4D92-43E4-A9EB-4E07FFE36F70}.Release|x64.Build.0 = Release|x64
		{786D71E7-4D92-43E4-A9EB-4E07FFE36F70}.Release|x86.ActiveCfg = Release|x86
		{786D71E7-4D92-43E4-A9EB-4E07FFE36F70}.Release|x86.Build.0 = Release|x86
		{BDD5DF8C-6FC1-4882-8151-924820FDBC05}.Debug|Any CPU.ActiveCfg = Debug|Any CPU
		{BDD5DF8C-6FC1-4882-8151-924820FDBC05}.Debug|Any CPU.Build.0 = Debug|Any CPU
		{BDD5DF8C-6FC1-4882-8151-924820FDBC05}.Debug|ARM.ActiveCfg = Debug|Any CPU
		{BDD5DF8C-6FC1-4882-8151-924820FDBC05}.Debug|ARM.Build.0 = Debug|Any CPU
		{BDD5DF8C-6FC1-4882-8151-924820FDBC05}.Debug|arm64.ActiveCfg = Debug|Any CPU
		{BDD5DF8C-6FC1-4882-8151-924820FDBC05}.Debug|arm64.Build.0 = Debug|Any CPU
		{BDD5DF8C-6FC1-4882-8151-924820FDBC05}.Debug|x64.ActiveCfg = Debug|x64
		{BDD5DF8C-6FC1-4882-8151-924820FDBC05}.Debug|x64.Build.0 = Debug|x64
		{BDD5DF8C-6FC1-4882-8151-924820FDBC05}.Debug|x86.ActiveCfg = Debug|x86
		{BDD5DF8C-6FC1-4882-8151-924820FDBC05}.Debug|x86.Build.0 = Debug|x86
		{BDD5DF8C-6FC1-4882-8151-924820FDBC05}.Release|Any CPU.ActiveCfg = Release|Any CPU
		{BDD5DF8C-6FC1-4882-8151-924820FDBC05}.Release|Any CPU.Build.0 = Release|Any CPU
		{BDD5DF8C-6FC1-4882-8151-924820FDBC05}.Release|ARM.ActiveCfg = Release|Any CPU
		{BDD5DF8C-6FC1-4882-8151-924820FDBC05}.Release|ARM.Build.0 = Release|Any CPU
		{BDD5DF8C-6FC1-4882-8151-924820FDBC05}.Release|arm64.ActiveCfg = Release|Any CPU
		{BDD5DF8C-6FC1-4882-8151-924820FDBC05}.Release|arm64.Build.0 = Release|Any CPU
		{BDD5DF8C-6FC1-4882-8151-924820FDBC05}.Release|x64.ActiveCfg = Release|x64
		{BDD5DF8C-6FC1-4882-8151-924820FDBC05}.Release|x64.Build.0 = Release|x64
		{BDD5DF8C-6FC1-4882-8151-924820FDBC05}.Release|x86.ActiveCfg = Release|x86
		{BDD5DF8C-6FC1-4882-8151-924820FDBC05}.Release|x86.Build.0 = Release|x86
	EndGlobalSection
	GlobalSection(SolutionProperties) = preSolution
		HideSolutionNode = FALSE
	EndGlobalSection
	GlobalSection(ExtensibilityGlobals) = postSolution
		SolutionGuid = {FAD407E1-408A-4E33-B3D1-B0A35C3BE329}
	EndGlobalSection
EndGlobal
